
Microsoft Visual Studio Solution File, Format Version 12.00
# Visual Studio Version 17
VisualStudioVersion = 17.8.34525.116
MinimumVisualStudioVersion = 10.0.40219.1
Project("{FAE04EC0-301F-11D3-BF4B-00C04F79EFBC}") = "dz11_12-1", "dz11_12-1\dz11_12-1.csproj", "{B206EB95-21ED-4FCB-BA68-1E6A962E055C}"
EndProject
Global
	GlobalSection(SolutionConfigurationPlatforms) = preSolution
		Debug|Any CPU = Debug|Any CPU
		Release|Any CPU = Release|Any CPU
	EndGlobalSection
	GlobalSection(ProjectConfigurationPlatforms) = postSolution
		{B206EB95-21ED-4FCB-BA68-1E6A962E055C}.Debug|Any CPU.ActiveCfg = Debug|Any CPU
		{B206EB95-21ED-4FCB-BA68-1E6A962E055C}.Debug|Any CPU.Build.0 = Debug|Any CPU
		{B206EB95-21ED-4FCB-BA68-1E6A962E055C}.Release|Any CPU.ActiveCfg = Release|Any CPU
		{B206EB95-21ED-4FCB-BA68-1E6A962E055C}.Release|Any CPU.Build.0 = Release|Any CPU
	EndGlobalSection
	GlobalSection(SolutionProperties) = preSolution
		HideSolutionNode = FALSE
	EndGlobalSection
	GlobalSection(ExtensibilityGlobals) = postSolution
		SolutionGuid = {ACCF566C-0FF8-4993-B7BB-DC47FF62B9CE}
	EndGlobalSection
EndGlobal
